
Microsoft Visual Studio Solution File, Format Version 12.00
# Visual Studio Version 17
VisualStudioVersion = 17.9.34701.34
MinimumVisualStudioVersion = 10.0.40219.1
Project("{8BC9CEB8-8B4A-11D0-8D11-00A0C91BC942}") = "MeshProcess", "MeshProcess\MeshProcess.vcxproj", "{D10D49C4-92D9-47D2-8DF2-A0E16E004AD4}"
EndProject
Global
	GlobalSection(SolutionConfigurationPlatforms) = preSolution
		Debug|x64 = Debug|x64
		Release|x64 = Release|x64
	EndGlobalSection
	GlobalSection(ProjectConfigurationPlatforms) = postSolution
		{D10D49C4-92D9-47D2-8DF2-A0E16E004AD4}.Debug|x64.ActiveCfg = Debug|x64
		{D10D49C4-92D9-47D2-8DF2-A0E16E004AD4}.Debug|x64.Build.0 = Debug|x64
		{D10D49C4-92D9-47D2-8DF2-A0E16E004AD4}.Release|x64.ActiveCfg = Release|x64
		{D10D49C4-92D9-47D2-8DF2-A0E16E004AD4}.Release|x64.Build.0 = Release|x64
	EndGlobalSection
	GlobalSection(SolutionProperties) = preSolution
		HideSolutionNode = FALSE
	EndGlobalSection
	GlobalSection(ExtensibilityGlobals) = postSolution
		SolutionGuid = {C427FA4D-1347-4BCB-936F-546F81C4B342}
	EndGlobalSection
EndGlobal
